
Microsoft Visual Studio Solution File, Format Version 12.00
# Visual Studio 2017
Project("{FAE04EC0-301F-11D3-BF4B-00C04F79EFBC}") = "MidiJack", "MidiJack.csproj", "{D72FD45C-32E5-CAFF-EB70-896B0C4F3340}"
EndProject
Project("{FAE04EC0-301F-11D3-BF4B-00C04F79EFBC}") = "MidiJack.Editor", "MidiJack.Editor.csproj", "{B6CDFA47-6C05-A878-E951-0DC7AC2118DF}"
EndProject
Global
	GlobalSection(SolutionConfigurationPlatforms) = preSolution
		Debug|Any CPU = Debug|Any CPU
		Release|Any CPU = Release|Any CPU
	EndGlobalSection
	GlobalSection(ProjectConfigurationPlatforms) = postSolution
		{D72FD45C-32E5-CAFF-EB70-896B0C4F3340}.Debug|Any CPU.ActiveCfg = Debug|Any CPU
		{D72FD45C-32E5-CAFF-EB70-896B0C4F3340}.Debug|Any CPU.Build.0 = Debug|Any CPU
		{D72FD45C-32E5-CAFF-EB70-896B0C4F3340}.Release|Any CPU.ActiveCfg = Release|Any CPU
		{D72FD45C-32E5-CAFF-EB70-896B0C4F3340}.Release|Any CPU.Build.0 = Release|Any CPU
		{B6CDFA47-6C05-A878-E951-0DC7AC2118DF}.Debug|Any CPU.ActiveCfg = Debug|Any CPU
		{B6CDFA47-6C05-A878-E951-0DC7AC2118DF}.Debug|Any CPU.Build.0 = Debug|Any CPU
		{B6CDFA47-6C05-A878-E951-0DC7AC2118DF}.Release|Any CPU.ActiveCfg = Release|Any CPU
		{B6CDFA47-6C05-A878-E951-0DC7AC2118DF}.Release|Any CPU.Build.0 = Release|Any CPU
	EndGlobalSection
	GlobalSection(SolutionProperties) = preSolution
		HideSolutionNode = FALSE
	EndGlobalSection
EndGlobal
